# This file was autogenerated by Stack.
# You should not edit this file by hand.
# For more information, please see the documentation at:
#   https://docs.haskellstack.org/en/stable/lock_files

packages:
- completed:
    hackage: selda-sqlite-0.1.7.1@sha256:d750cb189dfd5049628cd1dd0a5d7abda95bdac4a451e0973fc9fde80e70ed17,1257
    pantry-tree:
      size: 301
      sha256: 2b1228ff4b880d23c1ba86d83cc495665be4d67155f8603df37df9bf67d46744
  original:
    hackage: selda-sqlite-0.1.7.1@sha256:d750cb189dfd5049628cd1dd0a5d7abda95bdac4a451e0973fc9fde80e70ed17,1257
- completed:
    hackage: direct-sqlite-2.3.26@sha256:04e835402f1508abca383182023e4e2b9b86297b8533afbd4e57d1a5652e0c23,3718
    pantry-tree:
      size: 770
      sha256: 11874ab21e10c5b54cd1e02a037b677dc1e2ee9986f38c599612c56654dc01c3
  original:
    hackage: direct-sqlite-2.3.26@sha256:04e835402f1508abca383182023e4e2b9b86297b8533afbd4e57d1a5652e0c23,3718
snapshots:
- completed:
    size: 532379
    url: https://raw.githubusercontent.com/commercialhaskell/stackage-snapshots/master/lts/16/8.yaml
    sha256: 2ad3210d2ad35f3176005d68369a18e4d984517bfaa2caade76f28ed0b2e0521
  original: lts-16.8
